
Microsoft Visual Studio Solution File, Format Version 12.00
# Visual Studio Version 16
VisualStudioVersion = 16.0.29519.181
MinimumVisualStudioVersion = 10.0.40219.1
Project("{FAE04EC0-301F-11D3-BF4B-00C04F79EFBC}") = "Snake2", "Snake2\Snake2.csproj", "{E392F6C2-D511-4CA1-BF37-099AA0E906B5}"
EndProject
Global
	GlobalSection(SolutionConfigurationPlatforms) = preSolution
		Debug|Any CPU = Debug|Any CPU
		Release|Any CPU = Release|Any CPU
	EndGlobalSection
	GlobalSection(ProjectConfigurationPlatforms) = postSolution
		{E392F6C2-D511-4CA1-BF37-099AA0E906B5}.Debug|Any CPU.ActiveCfg = Debug|Any CPU
		{E392F6C2-D511-4CA1-BF37-099AA0E906B5}.Debug|Any CPU.Build.0 = Debug|Any CPU
		{E392F6C2-D511-4CA1-BF37-099AA0E906B5}.Release|Any CPU.ActiveCfg = Release|Any CPU
		{E392F6C2-D511-4CA1-BF37-099AA0E906B5}.Release|Any CPU.Build.0 = Release|Any CPU
	EndGlobalSection
	GlobalSection(SolutionProperties) = preSolution
		HideSolutionNode = FALSE
	EndGlobalSection
	GlobalSection(ExtensibilityGlobals) = postSolution
		SolutionGuid = {37D8D29E-BB55-4755-B572-4ABDB8190184}
	EndGlobalSection
EndGlobal
